
Microsoft Visual Studio Solution File, Format Version 12.00
# Visual Studio Version 16
VisualStudioVersion = 16.0.30114.105
MinimumVisualStudioVersion = 10.0.40219.1
Project("{9A19103F-16F7-4668-BE54-9A1E7A4F7556}") = "NGenericDimensions", "NGenericDimensions\NGenericDimensions.csproj", "{05036B07-F053-44EF-8367-F27208891E94}"
EndProject
Project("{9A19103F-16F7-4668-BE54-9A1E7A4F7556}") = "NGenericDimensionsUnitTests", "NGenericDimensionsUnitTests\NGenericDimensionsUnitTests.csproj", "{CDA04ED0-5FCA-4053-A09D-0EC9329B92CE}"
EndProject
Global
	GlobalSection(SolutionConfigurationPlatforms) = preSolution
		Debug|Any CPU = Debug|Any CPU
		Release|Any CPU = Release|Any CPU
	EndGlobalSection
	GlobalSection(ProjectConfigurationPlatforms) = postSolution
		{05036B07-F053-44EF-8367-F27208891E94}.Debug|Any CPU.ActiveCfg = Debug|Any CPU
		{05036B07-F053-44EF-8367-F27208891E94}.Debug|Any CPU.Build.0 = Debug|Any CPU
		{05036B07-F053-44EF-8367-F27208891E94}.Release|Any CPU.ActiveCfg = Release|Any CPU
		{05036B07-F053-44EF-8367-F27208891E94}.Release|Any CPU.Build.0 = Release|Any CPU
		{CDA04ED0-5FCA-4053-A09D-0EC9329B92CE}.Debug|Any CPU.ActiveCfg = Debug|Any CPU
		{CDA04ED0-5FCA-4053-A09D-0EC9329B92CE}.Debug|Any CPU.Build.0 = Debug|Any CPU
		{CDA04ED0-5FCA-4053-A09D-0EC9329B92CE}.Release|Any CPU.ActiveCfg = Release|Any CPU
		{CDA04ED0-5FCA-4053-A09D-0EC9329B92CE}.Release|Any CPU.Build.0 = Release|Any CPU
	EndGlobalSection
	GlobalSection(SolutionProperties) = preSolution
		HideSolutionNode = FALSE
	EndGlobalSection
	GlobalSection(ExtensibilityGlobals) = postSolution
		SolutionGuid = {09E614F1-F628-407E-A608-5A8B5DC8CB6C}
	EndGlobalSection
EndGlobal
